
Microsoft Visual Studio Solution File, Format Version 12.00
# Visual Studio Version 17
VisualStudioVersion = 17.11.35312.102
MinimumVisualStudioVersion = 10.0.40219.1
Project("{FAE04EC0-301F-11D3-BF4B-00C04F79EFBC}") = "PragueParkingAccess", "PragueParkingAccess\PragueParkingAccess.csproj", "{1F4EC30B-9D56-4954-83A5-E6887C5C6230}"
EndProject
Project("{FAE04EC0-301F-11D3-BF4B-00C04F79EFBC}") = "PragueParkingApp", "PragueParkingApp\PragueParkingApp.csproj", "{B384D5E9-43AB-43BB-A24B-ECF95263B0E7}"
EndProject
Global
	GlobalSection(SolutionConfigurationPlatforms) = preSolution
		Debug|Any CPU = Debug|Any CPU
		Release|Any CPU = Release|Any CPU
	EndGlobalSection
	GlobalSection(ProjectConfigurationPlatforms) = postSolution
		{1F4EC30B-9D56-4954-83A5-E6887C5C6230}.Debug|Any CPU.ActiveCfg = Debug|Any CPU
		{1F4EC30B-9D56-4954-83A5-E6887C5C6230}.Debug|Any CPU.Build.0 = Debug|Any CPU
		{1F4EC30B-9D56-4954-83A5-E6887C5C6230}.Release|Any CPU.ActiveCfg = Release|Any CPU
		{1F4EC30B-9D56-4954-83A5-E6887C5C6230}.Release|Any CPU.Build.0 = Release|Any CPU
		{B384D5E9-43AB-43BB-A24B-ECF95263B0E7}.Debug|Any CPU.ActiveCfg = Debug|Any CPU
		{B384D5E9-43AB-43BB-A24B-ECF95263B0E7}.Debug|Any CPU.Build.0 = Debug|Any CPU
		{B384D5E9-43AB-43BB-A24B-ECF95263B0E7}.Release|Any CPU.ActiveCfg = Release|Any CPU
		{B384D5E9-43AB-43BB-A24B-ECF95263B0E7}.Release|Any CPU.Build.0 = Release|Any CPU
	EndGlobalSection
	GlobalSection(SolutionProperties) = preSolution
		HideSolutionNode = FALSE
	EndGlobalSection
	GlobalSection(ExtensibilityGlobals) = postSolution
		SolutionGuid = {C59E018A-CE11-42CB-BAD4-EC7C5A05A0A6}
	EndGlobalSection
EndGlobal
